// !$*UTF8*$!
{
	archiveVersion = 1;
	classes = {
	};
	objectVersion = 48;
	objects = {

/* Begin PBXBuildFile section */
		C001968D1FD66A9D00D775D6 /* AppDelegate.swift in Sources */ = {isa = PBXBuildFile; fileRef = C001968C1FD66A9D00D775D6 /* AppDelegate.swift */; };
		C00196911FD66A9D00D775D6 /* Assets.xcassets in Resources */ = {isa = PBXBuildFile; fileRef = C00196901FD66A9D00D775D6 /* Assets.xcassets */; };
		C00196941FD66A9D00D775D6 /* Main.storyboard in Resources */ = {isa = PBXBuildFile; fileRef = C00196921FD66A9D00D775D6 /* Main.storyboard */; };
		C001969F1FD66F5C00D775D6 /* Localizable.strings in Resources */ = {isa = PBXBuildFile; fileRef = C00196A11FD66F5C00D775D6 /* Localizable.strings */; };
		C00196A61FD672B900D775D6 /* Constant.swift in Sources */ = {isa = PBXBuildFile; fileRef = C00196A51FD672B900D775D6 /* Constant.swift */; };
/* End PBXBuildFile section */

/* Begin PBXFileReference section */
		C00196891FD66A9D00D775D6 /* QickSetPreference.app */ = {isa = PBXFileReference; explicitFileType = wrapper.application; includeInIndex = 0; path = QickSetPreference.app; sourceTree = BUILT_PRODUCTS_DIR; };
		C001968C1FD66A9D00D775D6 /* AppDelegate.swift */ = {isa = PBXFileReference; lastKnownFileType = sourcecode.swift; path = AppDelegate.swift; sourceTree = "<group>"; };
		C00196901FD66A9D00D775D6 /* Assets.xcassets */ = {isa = PBXFileReference; lastKnownFileType = folder.assetcatalog; path = Assets.xcassets; sourceTree = "<group>"; };
		C00196931FD66A9D00D775D6 /* Base */ = {isa = PBXFileReference; lastKnownFileType = file.storyboard; name = Base; path = Base.lproj/Main.storyboard; sourceTree = "<group>"; };
		C00196951FD66A9D00D775D6 /* Info.plist */ = {isa = PBXFileReference; lastKnownFileType = text.plist.xml; path = Info.plist; sourceTree = "<group>"; };
		C00196961FD66A9D00D775D6 /* QickSetPreference.entitlements */ = {isa = PBXFileReference; lastKnownFileType = text.plist.entitlements; path = QickSetPreference.entitlements; sourceTree = "<group>"; };
		C001969C1FD66F1200D775D6 /* zh-Hans */ = {isa = PBXFileReference; lastKnownFileType = text.plist.strings; name = "zh-Hans"; path = "zh-Hans.lproj/Main.strings"; sourceTree = "<group>"; };
		C00196A01FD66F5C00D775D6 /* zh-Hans */ = {isa = PBXFileReference; lastKnownFileType = text.plist.strings; name = "zh-Hans"; path = "zh-Hans.lproj/Localizable.strings"; sourceTree = "<group>"; };
		C00196A21FD66F6100D775D6 /* en */ = {isa = PBXFileReference; lastKnownFileType = text.plist.strings; name = en; path = en.lproj/Localizable.strings; sourceTree = "<group>"; };
		C00196A51FD672B900D775D6 /* Constant.swift */ = {isa = PBXFileReference; lastKnownFileType = sourcecode.swift; path = Constant.swift; sourceTree = "<group>"; };
/* End PBXFileReference section */

/* Begin PBXFrameworksBuildPhase section */
		C00196861FD66A9D00D775D6 /* Frameworks */ = {
			isa = PBXFrameworksBuildPhase;
			buildActionMask = 2147483647;
			files = (
			);
			runOnlyForDeploymentPostprocessing = 0;
		};
/* End PBXFrameworksBuildPhase section */

/* Begin PBXGroup section */
		C00196801FD66A9C00D775D6 = {
			isa = PBXGroup;
			children = (
				C001968B1FD66A9D00D775D6 /* QickSetPreference */,
				C001968A1FD66A9D00D775D6 /* Products */,
			);
			sourceTree = "<group>";
		};
		C001968A1FD66A9D00D775D6 /* Products */ = {
			isa = PBXGroup;
			children = (
				C00196891FD66A9D00D775D6 /* QickSetPreference.app */,
			);
			name = Products;
			sourceTree = "<group>";
		};
		C001968B1FD66A9D00D775D6 /* QickSetPreference */ = {
			isa = PBXGroup;
			children = (
				C001968C1FD66A9D00D775D6 /* AppDelegate.swift */,
				C00196A51FD672B900D775D6 /* Constant.swift */,
				C00196901FD66A9D00D775D6 /* Assets.xcassets */,
				C00196921FD66A9D00D775D6 /* Main.storyboard */,
				C00196951FD66A9D00D775D6 /* Info.plist */,
				C00196961FD66A9D00D775D6 /* QickSetPreference.entitlements */,
				C00196A11FD66F5C00D775D6 /* Localizable.strings */,
			);
			path = QickSetPreference;
			sourceTree = "<group>";
		};
/* End PBXGroup section */

/* Begin PBXNativeTarget section */
		C00196881FD66A9D00D775D6 /* QickSetPreference */ = {
			isa = PBXNativeTarget;
			buildConfigurationList = C00196991FD66A9D00D775D6 /* Build configuration list for PBXNativeTarget "QickSetPreference" */;
			buildPhases = (
				C00196851FD66A9D00D775D6 /* Sources */,
				C00196861FD66A9D00D775D6 /* Frameworks */,
				C00196871FD66A9D00D775D6 /* Resources */,
			);
			buildRules = (
			);
			dependencies = (
			);
			name = QickSetPreference;
			productName = QickSetPreference;
			productReference = C00196891FD66A9D00D775D6 /* QickSetPreference.app */;
			productType = "com.apple.product-type.application";
		};
/* End PBXNativeTarget section */

/* Begin PBXProject section */
		C00196811FD66A9C00D775D6 /* Project object */ = {
			isa = PBXProject;
			attributes = {
				LastSwiftUpdateCheck = 0910;
				LastUpgradeCheck = 0910;
				ORGANIZATIONNAME = HansonStudio;
				TargetAttributes = {
					C00196881FD66A9D00D775D6 = {
						CreatedOnToolsVersion = 9.1;
						ProvisioningStyle = Automatic;
						SystemCapabilities = {
							com.apple.Sandbox = {
								enabled = 0;
							};
						};
					};
				};
			};
			buildConfigurationList = C00196841FD66A9C00D775D6 /* Build configuration list for PBXProject "QickSetPreference" */;
			compatibilityVersion = "Xcode 8.0";
			developmentRegion = en;
			hasScannedForEncodings = 0;
			knownRegions = (
				en,
				Base,
			);
			mainGroup = C00196801FD66A9C00D775D6;
			productRefGroup = C001968A1FD66A9D00D775D6 /* Products */;
			projectDirPath = "";
			projectRoot = "";
			targets = (
				C00196881FD66A9D00D775D6 /* QickSetPreference */,
			);
		};
/* End PBXProject section */

/* Begin PBXResourcesBuildPhase section */
		C00196871FD66A9D00D775D6 /* Resources */ = {
			isa = PBXResourcesBuildPhase;
			buildActionMask = 2147483647;
			files = (
				C00196911FD66A9D00D775D6 /* Assets.xcassets in Resources */,
				C001969F1FD66F5C00D775D6 /* Localizable.strings in Resources */,
				C00196941FD66A9D00D775D6 /* Main.storyboard in Resources */,
			);
			runOnlyForDeploymentPostprocessing = 0;
		};
/* End PBXResourcesBuildPhase section */

/* Begin PBXSourcesBuildPhase section */
		C00196851FD66A9D00D775D6 /* Sources */ = {
			isa = PBXSourcesBuildPhase;
			buildActionMask = 2147483647;
			files = (
				C001968D1FD66A9D00D775D6 /* AppDelegate.swift in Sources */,
				C00196A61FD672B900D775D6 /* Constant.swift in Sources */,
			);
			runOnlyForDeploymentPostprocessing = 0;
		};
/* End PBXSourcesBuildPhase section */

/* Begin PBXVariantGroup section */
		C00196921FD66A9D00D775D6 /* Main.storyboard */ = {
			isa = PBXVariantGroup;
			children = (
				C00196931FD66A9D00D775D6 /* Base */,
				C001969C1FD66F1200D775D6 /* zh-Hans */,
			);
			name = Main.storyboard;
			sourceTree = "<group>";
		};
		C00196A11FD66F5C00D775D6 /* Localizable.strings */ = {
			isa = PBXVariantGroup;
			children = (
				C00196A01FD66F5C00D775D6 /* zh-Hans */,
				C00196A21FD66F6100D775D6 /* en */,
			);
			name = Localizable.strings;
			sourceTree = "<group>";
		};
/* End PBXVariantGroup section */

/* Begin XCBuildConfiguration section */
		C00196971FD66A9D00D775D6 /* Debug */ = {
			isa = XCBuildConfiguration;
			buildSettings = {
				ALWAYS_SEARCH_USER_PATHS = NO;
				CLANG_ANALYZER_LOCALIZABILITY_NONLOCALIZED = YES;
				CLANG_ANALYZER_NONNULL = YES;
				CLANG_ANALYZER_NUMBER_OBJECT_CONVERSION = YES_AGGRESSIVE;
				CLANG_CXX_LANGUAGE_STANDARD = "gnu++14";
				CLANG_CXX_LIBRARY = "libc++";
				CLANG_ENABLE_MODULES = YES;
				CLANG_ENABLE_OBJC_ARC = YES;
				CLANG_WARN_BLOCK_CAPTURE_AUTORELEASING = YES;
				CLANG_WARN_BOOL_CONVERSION = YES;
				CLANG_WARN_COMMA = YES;
				CLANG_WARN_CONSTANT_CONVERSION = YES;
				CLANG_WARN_DIRECT_OBJC_ISA_USAGE = YES_ERROR;
				CLANG_WARN_DOCUMENTATION_COMMENTS = YES;
				CLANG_WARN_EMPTY_BODY = YES;
				CLANG_WARN_ENUM_CONVERSION = YES;
				CLANG_WARN_INFINITE_RECURSION = YES;
				CLANG_WARN_INT_CONVERSION = YES;
				CLANG_WARN_NON_LITERAL_NULL_CONVERSION = YES;
				CLANG_WARN_OBJC_LITERAL_CONVERSION = YES;
				CLANG_WARN_OBJC_ROOT_CLASS = YES_ERROR;
				CLANG_WARN_RANGE_LOOP_ANALYSIS = YES;
				CLANG_WARN_STRICT_PROTOTYPES = YES;
				CLANG_WARN_SUSPICIOUS_MOVE = YES;
				CLANG_WARN_UNGUARDED_AVAILABILITY = YES_AGGRESSIVE;
				CLANG_WARN_UNREACHABLE_CODE = YES;
				CLANG_WARN__DUPLICATE_METHOD_MATCH = YES;
				CODE_SIGN_IDENTITY = "Mac Developer";
				COPY_PHASE_STRIP = NO;
				DEBUG_INFORMATION_FORMAT = dwarf;
				ENABLE_STRICT_OBJC_MSGSEND = YES;
				ENABLE_TESTABILITY = YES;
				GCC_C_LANGUAGE_STANDARD = gnu11;
				GCC_DYNAMIC_NO_PIC = NO;
				GCC_NO_COMMON_BLOCKS = YES;
				GCC_OPTIMIZATION_LEVEL = 0;
				GCC_PREPROCESSOR_DEFINITIONS = (
					"DEBUG=1",
					"$(inherited)",
				);
				GCC_WARN_64_TO_32_BIT_CONVERSION = YES;
				GCC_WARN_ABOUT_RETURN_TYPE = YES_ERROR;
				GCC_WARN_UNDECLARED_SELECTOR = YES;
				GCC_WARN_UNINITIALIZED_AUTOS = YES_AGGRESSIVE;
				GCC_WARN_UNUSED_FUNCTION = YES;
				GCC_WARN_UNUSED_VARIABLE = YES;
				MACOSX_DEPLOYMENT_TARGET = 10.13;
				MTL_ENABLE_DEBUG_INFO = YES;
				ONLY_ACTIVE_ARCH = YES;
				SDKROOT = macosx;
				SWIFT_ACTIVE_COMPILATION_CONDITIONS = DEBUG;
				SWIFT_OPTIMIZATION_LEVEL = "-Onone";
			};
			name = Debug;
		};
		C00196981FD66A9D00D775D6 /* Release */ = {
			isa = XCBuildConfiguration;
			buildSettings = {
				ALWAYS_SEARCH_USER_PATHS = NO;
				CLANG_ANALYZER_LOCALIZABILITY_NONLOCALIZED = YES;
				CLANG_ANALYZER_NONNULL = YES;
				CLANG_ANALYZER_NUMBER_OBJECT_CONVERSION = YES_AGGRESSIVE;
				CLANG_CXX_LANGUAGE_STANDARD = "gnu++14";
				CLANG_CXX_LIBRARY = "libc++";
				CLANG_ENABLE_MODULES = YES;
				CLANG_ENABLE_OBJC_ARC = YES;
				CLANG_WARN_BLOCK_CAPTURE_AUTORELEASING = YES;
				CLANG_WARN_BOOL_CONVERSION = YES;
				CLANG_WARN_COMMA = YES;
				CLANG_WARN_CONSTANT_CONVERSION = YES;
				CLANG_WARN_DIRECT_OBJC_ISA_USAGE = YES_ERROR;
				CLANG_WARN_DOCUMENTATION_COMMENTS = YES;
				CLANG_WARN_EMPTY_BODY = YES;
				CLANG_WARN_ENUM_CONVERSION = YES;
				CLANG_WARN_INFINITE_RECURSION = YES;
				CLANG_WARN_INT_CONVERSION = YES;
				CLANG_WARN_NON_LITERAL_NULL_CONVERSION = YES;
				CLANG_WARN_OBJC_LITERAL_CONVERSION = YES;
				CLANG_WARN_OBJC_ROOT_CLASS = YES_ERROR;
				CLANG_WARN_RANGE_LOOP_ANALYSIS = YES;
				CLANG_WARN_STRICT_PROTOTYPES = YES;
				CLANG_WARN_SUSPICIOUS_MOVE = YES;
				CLANG_WARN_UNGUARDED_AVAILABILITY = YES_AGGRESSIVE;
				CLANG_WARN_UNREACHABLE_CODE = YES;
				CLANG_WARN__DUPLICATE_METHOD_MATCH = YES;
				CODE_SIGN_IDENTITY = "Mac Developer";
				COPY_PHASE_STRIP = NO;
				DEBUG_INFORMATION_FORMAT = "dwarf-with-dsym";
				ENABLE_NS_ASSERTIONS = NO;
				ENABLE_STRICT_OBJC_MSGSEND = YES;
				GCC_C_LANGUAGE_STANDARD = gnu11;
				GCC_NO_COMMON_BLOCKS = YES;
				GCC_WARN_64_TO_32_BIT_CONVERSION = YES;
				GCC_WARN_ABOUT_RETURN_TYPE = YES_ERROR;
				GCC_WARN_UNDECLARED_SELECTOR = YES;
				GCC_WARN_UNINITIALIZED_AUTOS = YES_AGGRESSIVE;
				GCC_WARN_UNUSED_FUNCTION = YES;
				GCC_WARN_UNUSED_VARIABLE = YES;
				MACOSX_DEPLOYMENT_TARGET = 10.13;
				MTL_ENABLE_DEBUG_INFO = NO;
				SDKROOT = macosx;
				SWIFT_OPTIMIZATION_LEVEL = "-Owholemodule";
			};
			name = Release;
		};
		C001969A1FD66A9D00D775D6 /* Debug */ = {
			isa = XCBuildConfiguration;
			buildSettings = {
				ALWAYS_EMBED_SWIFT_STANDARD_LIBRARIES = YES;
				ASSETCATALOG_COMPILER_APPICON_NAME = AppIcon;
				CODE_SIGN_STYLE = Automatic;
				COMBINE_HIDPI_IMAGES = YES;
				DEVELOPMENT_TEAM = XC238MH24L;
				INFOPLIST_FILE = QickSetPreference/Info.plist;
				LD_RUNPATH_SEARCH_PATHS = "$(inherited) @executable_path/../Frameworks";
				MACOSX_DEPLOYMENT_TARGET = 10.10;
				PRODUCT_BUNDLE_IDENTIFIER = com.HansonStudio.QickSetPreference;
				PRODUCT_NAME = "$(TARGET_NAME)";
				SWIFT_VERSION = 4.0;
			};
			name = Debug;
		};
		C001969B1FD66A9D00D775D6 /* Release */ = {
			isa = XCBuildConfiguration;
			buildSettings = {
				ALWAYS_EMBED_SWIFT_STANDARD_LIBRARIES = YES;
				ASSETCATALOG_COMPILER_APPICON_NAME = AppIcon;
				CODE_SIGN_STYLE = Automatic;
				COMBINE_HIDPI_IMAGES = YES;
				DEVELOPMENT_TEAM = XC238MH24L;
				INFOPLIST_FILE = QickSetPreference/Info.plist;
				LD_RUNPATH_SEARCH_PATHS = "$(inherited) @executable_path/../Frameworks";
				MACOSX_DEPLOYMENT_TARGET = 10.10;
				PRODUCT_BUNDLE_IDENTIFIER = com.HansonStudio.QickSetPreference;
				PRODUCT_NAME = "$(TARGET_NAME)";
				SWIFT_VERSION = 4.0;
			};
			name = Release;
		};
/* End XCBuildConfiguration section */

/* Begin XCConfigurationList section */
		C00196841FD66A9C00D775D6 /* Build configuration list for PBXProject "QickSetPreference" */ = {
			isa = XCConfigurationList;
			buildConfigurations = (
				C00196971FD66A9D00D775D6 /* Debug */,
				C00196981FD66A9D00D775D6 /* Release */,
			);
			defaultConfigurationIsVisible = 0;
			defaultConfigurationName = Release;
		};
		C00196991FD66A9D00D775D6 /* Build configuration list for PBXNativeTarget "QickSetPreference" */ = {
			isa = XCConfigurationList;
			buildConfigurations = (
				C001969A1FD66A9D00D775D6 /* Debug */,
				C001969B1FD66A9D00D775D6 /* Release */,
			);
			defaultConfigurationIsVisible = 0;
			defaultConfigurationName = Release;
		};
/* End XCConfigurationList section */
	};
	rootObject = C00196811FD66A9C00D775D6 /* Project object */;
}
